
Microsoft Visual Studio Solution File, Format Version 12.00
# Visual Studio Version 16
VisualStudioVersion = 16.0.31911.196
MinimumVisualStudioVersion = 10.0.40219.1
Project("{FAE04EC0-301F-11D3-BF4B-00C04F79EFBC}") = "SF-SalesForce", "SF-SalesForce\SF-SalesForce.csproj", "{25BF377C-5C9B-48DF-A092-4E84E06BD084}"
EndProject
Project("{FAE04EC0-301F-11D3-BF4B-00C04F79EFBC}") = "Entities", "Entities\Entities.csproj", "{C3C86181-F85B-4C3F-AF60-B0D019CE027B}"
EndProject
Project("{FAE04EC0-301F-11D3-BF4B-00C04F79EFBC}") = "DataAccess", "DataAccess\DataAccess.csproj", "{A3157F53-6B18-4C1D-A481-22D041B44EFC}"
EndProject
Project("{FAE04EC0-301F-11D3-BF4B-00C04F79EFBC}") = "Business", "Business\Business.csproj", "{1A334680-0C69-441B-8EA7-BEBA0D9A06D7}"
EndProject
Global
	GlobalSection(SolutionConfigurationPlatforms) = preSolution
		Debug|Any CPU = Debug|Any CPU
		Release|Any CPU = Release|Any CPU
	EndGlobalSection
	GlobalSection(ProjectConfigurationPlatforms) = postSolution
		{25BF377C-5C9B-48DF-A092-4E84E06BD084}.Debug|Any CPU.ActiveCfg = Debug|Any CPU
		{25BF377C-5C9B-48DF-A092-4E84E06BD084}.Debug|Any CPU.Build.0 = Debug|Any CPU
		{25BF377C-5C9B-48DF-A092-4E84E06BD084}.Release|Any CPU.ActiveCfg = Release|Any CPU
		{25BF377C-5C9B-48DF-A092-4E84E06BD084}.Release|Any CPU.Build.0 = Release|Any CPU
		{C3C86181-F85B-4C3F-AF60-B0D019CE027B}.Debug|Any CPU.ActiveCfg = Debug|Any CPU
		{C3C86181-F85B-4C3F-AF60-B0D019CE027B}.Debug|Any CPU.Build.0 = Debug|Any CPU
		{C3C86181-F85B-4C3F-AF60-B0D019CE027B}.Release|Any CPU.ActiveCfg = Release|Any CPU
		{C3C86181-F85B-4C3F-AF60-B0D019CE027B}.Release|Any CPU.Build.0 = Release|Any CPU
		{A3157F53-6B18-4C1D-A481-22D041B44EFC}.Debug|Any CPU.ActiveCfg = Debug|Any CPU
		{A3157F53-6B18-4C1D-A481-22D041B44EFC}.Debug|Any CPU.Build.0 = Debug|Any CPU
		{A3157F53-6B18-4C1D-A481-22D041B44EFC}.Release|Any CPU.ActiveCfg = Release|Any CPU
		{A3157F53-6B18-4C1D-A481-22D041B44EFC}.Release|Any CPU.Build.0 = Release|Any CPU
		{1A334680-0C69-441B-8EA7-BEBA0D9A06D7}.Debug|Any CPU.ActiveCfg = Debug|Any CPU
		{1A334680-0C69-441B-8EA7-BEBA0D9A06D7}.Debug|Any CPU.Build.0 = Debug|Any CPU
		{1A334680-0C69-441B-8EA7-BEBA0D9A06D7}.Release|Any CPU.ActiveCfg = Release|Any CPU
		{1A334680-0C69-441B-8EA7-BEBA0D9A06D7}.Release|Any CPU.Build.0 = Release|Any CPU
	EndGlobalSection
	GlobalSection(SolutionProperties) = preSolution
		HideSolutionNode = FALSE
	EndGlobalSection
	GlobalSection(ExtensibilityGlobals) = postSolution
		SolutionGuid = {83C1C98C-76AF-4688-B94C-8543D008441F}
	EndGlobalSection
EndGlobal
